
Microsoft Visual Studio Solution File, Format Version 12.00
# Visual Studio 15
VisualStudioVersion = 15.0.27004.2005
MinimumVisualStudioVersion = 10.0.40219.1
Project("{FAE04EC0-301F-11D3-BF4B-00C04F79EFBC}") = "WebApplication1", "WebApplication1\WebApplication1.csproj", "{94A65115-999D-47CC-A690-F4E0CF3122C3}"
EndProject
Global
	GlobalSection(SolutionConfigurationPlatforms) = preSolution
		Debug|Any CPU = Debug|Any CPU
		Release|Any CPU = Release|Any CPU
	EndGlobalSection
	GlobalSection(ProjectConfigurationPlatforms) = postSolution
		{94A65115-999D-47CC-A690-F4E0CF3122C3}.Debug|Any CPU.ActiveCfg = Debug|Any CPU
		{94A65115-999D-47CC-A690-F4E0CF3122C3}.Debug|Any CPU.Build.0 = Debug|Any CPU
		{94A65115-999D-47CC-A690-F4E0CF3122C3}.Release|Any CPU.ActiveCfg = Release|Any CPU
		{94A65115-999D-47CC-A690-F4E0CF3122C3}.Release|Any CPU.Build.0 = Release|Any CPU
	EndGlobalSection
	GlobalSection(SolutionProperties) = preSolution
		HideSolutionNode = FALSE
	EndGlobalSection
	GlobalSection(ExtensibilityGlobals) = postSolution
		SolutionGuid = {9AF66E7D-4484-4169-935E-4B2F48F51F0B}
	EndGlobalSection
EndGlobal
